# THIS IS AN AUTOGENERATED FILE. DO NOT EDIT THIS FILE DIRECTLY.
# yarn lockfile v1


"@emmetio/abbreviation@^2.2.2":
  version "2.2.2"
  resolved "https://registry.yarnpkg.com/@emmetio/abbreviation/-/abbreviation-2.2.2.tgz#746762fd9e7a8c2ea604f580c62e3cfe250e6989"
  integrity sha512-TtE/dBnkTCct8+LntkqVrwqQao6EnPAs1YN3cUgxOxTaBlesBCY37ROUAVZrRlG64GNnVShdl/b70RfAI3w5lw==
  dependencies:
    "@emmetio/scanner" "^1.0.0"

"@emmetio/css-abbreviation@^2.1.4":
  version "2.1.4"
  resolved "https://registry.yarnpkg.com/@emmetio/css-abbreviation/-/css-abbreviation-2.1.4.tgz#90362e8a1122ce3b76f6c3157907d30182f53f54"
  integrity sha512-qk9L60Y+uRtM5CPbB0y+QNl/1XKE09mSO+AhhSauIfr2YOx/ta3NJw2d8RtCFxgzHeRqFRr8jgyzThbu+MZ4Uw==
  dependencies:
    "@emmetio/scanner" "^1.0.0"

"@emmetio/scanner@^1.0.0":
  version "1.0.0"
  resolved "https://registry.yarnpkg.com/@emmetio/scanner/-/scanner-1.0.0.tgz#065b2af6233fe7474d44823e3deb89724af42b5f"
  integrity sha512-8HqW8EVqjnCmWXVpqAOZf+EGESdkR27odcMMMGefgKXtar00SoYNSryGv//TELI4T3QFsECo78p+0lmalk/CFA==

"@esbuild/aix-ppc64@0.27.5":
  version "0.27.5"
  resolved "https://registry.yarnpkg.com/@esbuild/aix-ppc64/-/aix-ppc64-0.27.5.tgz#7c475b8e49e204073674622236c17fb1e306f811"
  integrity sha512-nGsF/4C7uzUj+Nj/4J+Zt0bYQ6bz33Phz8Lb2N80Mti1HjGclTJdXZ+9APC4kLvONbjxN1zfvYNd8FEcbBK/MQ==

"@esbuild/android-arm64@0.27.5":
  version "0.27.5"
  resolved "https://registry.yarnpkg.com/@esbuild/android-arm64/-/android-arm64-0.27.5.tgz#5990c14d862b9a6bf1cdcbebed3177e9099b9397"
  integrity sha512-Oeghq+XFgh1pUGd1YKs4DDoxzxkoUkvko+T/IVKwlghKLvvjbGFB3ek8VEDBmNvqhwuL0CQS3cExdzpmUyIrgA==

"@esbuild/android-arm@0.27.5":
  version "0.27.5"
  resolved "https://registry.yarnpkg.com/@esbuild/android-arm/-/android-arm-0.27.5.tgz#ffb55f499199e1ef8a51cdb3529b11dc98f0ec4f"
  integrity sha512-Cv781jd0Rfj/paoNrul1/r4G0HLvuFKYh7C9uHZ2Pl8YXstzvCyyeWENTFR9qFnRzNMCjXmsulZuvosDg10Mog==

"@esbuild/android-x64@0.27.5":
  version "0.27.5"
  resolved "https://registry.yarnpkg.com/@esbuild/android-x64/-/android-x64-0.27.5.tgz#06a04b993ac94265080810a4e48a226ce2ab7d27"
  integrity sha512-nQD7lspbzerlmtNOxYMFAGmhxgzn8Z7m9jgFkh6kpkjsAhZee1w8tJW3ZlW+N9iRePz0oPUDrYrXidCPSImD0Q==

"@esbuild/darwin-arm64@0.27.5":
  version "0.27.5"
  resolved "https://registry.yarnpkg.com/@esbuild/darwin-arm64/-/darwin-arm64-0.27.5.tgz#f836cb70cf24ba5dd66b78b6483081869331bc68"
  integrity sha512-I+Ya/MgC6rr8oRWGRDF3BXDfP8K1BVUggHqN6VI2lUZLdDi1IM1v2cy0e3lCPbP+pVcK3Tv8cgUhHse1kaNZZw==

"@esbuild/darwin-x64@0.27.5":
  version "0.27.5"
  resolved "https://registry.yarnpkg.com/@esbuild/darwin-x64/-/darwin-x64-0.27.5.tgz#78c9206a2038a7bec313ec83ed5aa3537e33e2ec"
  integrity sha512-MCjQUtC8wWJn/pIPM7vQaO69BFgwPD1jriEdqwTCKzWjGgkMbcg+M5HzrOhPhuYe1AJjXlHmD142KQf+jnYj8A==

"@esbuild/freebsd-arm64@0.27.5":
  version "0.27.5"
  resolved "https://registry.yarnpkg.com/@esbuild/freebsd-arm64/-/freebsd-arm64-0.27.5.tgz#08c864ff806653b39d71b92bf640e39a4e7d7067"
  integrity sha512-X6xVS+goSH0UelYXnuf4GHLwpOdc8rgK/zai+dKzBMnncw7BTQIwquOodE7EKvY2UVUetSqyAfyZC1D+oqLQtg==

"@esbuild/freebsd-x64@0.27.5":
  version "0.27.5"
  resolved "https://registry.yarnpkg.com/@esbuild/freebsd-x64/-/freebsd-x64-0.27.5.tgz#156f929fced6e3b081f568372f49232a1798b2f3"
  integrity sha512-233X1FGo3a8x1ekLB6XT69LfZ83vqz+9z3TSEQCTYfMNY880A97nr81KbPcAMl9rmOFp11wO0dP+eB18KU/Ucg==

"@esbuild/linux-arm64@0.27.5":
  version "0.27.5"
  resolved "https://registry.yarnpkg.com/@esbuild/linux-arm64/-/linux-arm64-0.27.5.tgz#c6e1af7d133e85bdcdc22f6a59317ea153ae2d2d"
  integrity sha512-euKkilsNOv7x/M1NKsx5znyprbpsRFIzTV6lWziqJch7yWYayfLtZzDxDTl+LSQDJYAjd9TVb/Kt5UKIrj2e4A==

"@esbuild/linux-arm@0.27.5":
  version "0.27.5"
  resolved "https://registry.yarnpkg.com/@esbuild/linux-arm/-/linux-arm-0.27.5.tgz#041f3fa0bf6b7c404f74a1552572c396a026034c"
  integrity sha512-0wkVrYHG4sdCCN/bcwQ7yYMXACkaHc3UFeaEOwSVW6e5RycMageYAFv+JS2bKLwHyeKVUvtoVH+5/RHq0fgeFw==

"@esbuild/linux-ia32@0.27.5":
  version "0.27.5"
  resolved "https://registry.yarnpkg.com/@esbuild/linux-ia32/-/linux-ia32-0.27.5.tgz#cfc4387efcae994a4375f9b305bb4253cb07b75a"
  integrity sha512-hVRQX4+P3MS36NxOy24v/Cdsimy/5HYePw+tmPqnNN1fxV0bPrFWR6TMqwXPwoTM2VzbkA+4lbHWUKDd5ZDA/w==

"@esbuild/linux-loong64@0.27.5":
  version "0.27.5"
  resolved "https://registry.yarnpkg.com/@esbuild/linux-loong64/-/linux-loong64-0.27.5.tgz#5a80cdfa6c08f0744a8e53521e2eb92a74549198"
  integrity sha512-mKqqRuOPALI8nDzhOBmIS0INvZOOFGGg5n1osGIXAx8oersceEbKd4t1ACNTHM3sJBXGFAlEgqM+svzjPot+ZQ==

"@esbuild/linux-mips64el@0.27.5":
  version "0.27.5"
  resolved "https://registry.yarnpkg.com/@esbuild/linux-mips64el/-/linux-mips64el-0.27.5.tgz#8200e0267ced2cb122508d9cfbdfa72222ebe775"
  integrity sha512-EE/QXH9IyaAj1qeuIV5+/GZkBTipgGO782Ff7Um3vPS9cvLhJJeATy4Ggxikz2inZ46KByamMn6GqtqyVjhenA==

"@esbuild/linux-ppc64@0.27.5":
  version "0.27.5"
  resolved "https://registry.yarnpkg.com/@esbuild/linux-ppc64/-/linux-ppc64-0.27.5.tgz#9c735ad8e8b4469d0021902d8cbcc2066f466a48"
  integrity sha512-0V2iF1RGxBf1b7/BjurA5jfkl7PtySjom1r6xOK2q9KWw/XCpAdtB6KNMO+9xx69yYfSCRR9FE0TyKfHA2eQMw==

"@esbuild/linux-riscv64@0.27.5":
  version "0.27.5"
  resolved "https://registry.yarnpkg.com/@esbuild/linux-riscv64/-/linux-riscv64-0.27.5.tgz#3e744abf3bf2f001b73f1517489b34bab5ca8b66"
  integrity sha512-rYxThBx6G9HN6tFNuvB/vykeLi4VDsm5hE5pVwzqbAjZEARQrWu3noZSfbEnPZ/CRXP3271GyFk/49up2W190g==

"@esbuild/linux-s390x@0.27.5":
  version "0.27.5"
  resolved "https://registry.yarnpkg.com/@esbuild/linux-s390x/-/linux-s390x-0.27.5.tgz#9ff4a1d32bdf374b7d8a1380c1346f9907b24962"
  integrity sha512-uEP2q/4qgd8goEUc4QIdU/1P2NmEtZ/zX5u3OpLlCGhJIuBIv0s0wr7TB2nBrd3/A5XIdEkkS5ZLF0ULuvaaYQ==

"@esbuild/linux-x64@0.27.5":
  version "0.27.5"
  resolved "https://registry.yarnpkg.com/@esbuild/linux-x64/-/linux-x64-0.27.5.tgz#846eb1210dc7258aa02c910197ba0bad9cbebe58"
  integrity sha512-+Gq47Wqq6PLOOZuBzVSII2//9yyHNKZLuwfzCemqexqOQCSz0zy0O26kIzyp9EMNMK+nZ0tFHBZrCeVUuMs/ew==

"@esbuild/netbsd-arm64@0.27.5":
  version "0.27.5"
  resolved "https://registry.yarnpkg.com/@esbuild/netbsd-arm64/-/netbsd-arm64-0.27.5.tgz#690540b9ab565334b549a3cee2672d813673417c"
  integrity sha512-3F/5EG8VHfN/I+W5cO1/SV2H9Q/5r7vcHabMnBqhHK2lTWOh3F8vixNzo8lqxrlmBtZVFpW8pmITHnq54+Tq4g==

"@esbuild/netbsd-x64@0.27.5":
  version "0.27.5"
  resolved "https://registry.yarnpkg.com/@esbuild/netbsd-x64/-/netbsd-x64-0.27.5.tgz#53ff0e982f5b9b57d6bac1a076194b27892e8cd7"
  integrity sha512-28t+Sj3CPN8vkMOlZotOmDgilQwVvxWZl7b8rxpn73Tt/gCnvrHxQUMng4uu3itdFvrtba/1nHejvxqz8xgEMA==

"@esbuild/openbsd-arm64@0.27.5":
  version "0.27.5"
  resolved "https://registry.yarnpkg.com/@esbuild/openbsd-arm64/-/openbsd-arm64-0.27.5.tgz#7ad41b55a2eed133bdb25ab54b28d63f98e4c726"
  integrity sha512-Doz/hKtiuVAi9hMsBMpwBANhIZc8l238U2Onko3t2xUp8xtM0ZKdDYHMnm/qPFVthY8KtxkXaocwmMh6VolzMA==

"@esbuild/openbsd-x64@0.27.5":
  version "0.27.5"
  resolved "https://registry.yarnpkg.com/@esbuild/openbsd-x64/-/openbsd-x64-0.27.5.tgz#c9dda2cef61204a13285483d47f8ffdc7a1b9d16"
  integrity sha512-WfGVaa1oz5A7+ZFPkERIbIhKT4olvGl1tyzTRaB5yoZRLqC0KwaO95FeZtOdQj/oKkjW57KcVF944m62/0GYtA==

"@esbuild/openharmony-arm64@0.27.5":
  version "0.27.5"
  resolved "https://registry.yarnpkg.com/@esbuild/openharmony-arm64/-/openharmony-arm64-0.27.5.tgz#e0c8f0f7eb341f4b9409c6a8306e194147ae8031"
  integrity sha512-Xh+VRuh6OMh3uJ0JkCjI57l+DVe7VRGBYymen8rFPnTVgATBwA6nmToxM2OwTlSvrnWpPKkrQUj93+K9huYC6A==

"@esbuild/sunos-x64@0.27.5":
  version "0.27.5"
  resolved "https://registry.yarnpkg.com/@esbuild/sunos-x64/-/sunos-x64-0.27.5.tgz#11e3ab829393325b882d375a5450a9277c41d9c0"
  integrity sha512-aC1gpJkkaUADHuAdQfuVTnqVUTLqqUNhAvEwHwVWcnVVZvNlDPGA0UveZsfXJJ9T6k9Po4eHi3c02gbdwO3g6w==

"@esbuild/win32-arm64@0.27.5":
  version "0.27.5"
  resolved "https://registry.yarnpkg.com/@esbuild/win32-arm64/-/win32-arm64-0.27.5.tgz#157f2913645a977f2660f57bd5921a2caff3c76b"
  integrity sha512-0UNx2aavV0fk6UpZcwXFLztA2r/k9jTUa7OW7SAea1VYUhkug99MW1uZeXEnPn5+cHOd0n8myQay6TlFnBR07w==

"@esbuild/win32-ia32@0.27.5":
  version "0.27.5"
  resolved "https://registry.yarnpkg.com/@esbuild/win32-ia32/-/win32-ia32-0.27.5.tgz#48b8531a35a4e56b7cc6c6d20f9ab2cd79c62517"
  integrity sha512-5nlJ3AeJWCTSzR7AEqVjT/faWyqKU86kCi1lLmxVqmNR+j4HrYdns+eTGjS/vmrzCIe8inGQckUadvS0+JkKdQ==

"@esbuild/win32-x64@0.27.5":
  version "0.27.5"
  resolved "https://registry.yarnpkg.com/@esbuild/win32-x64/-/win32-x64-0.27.5.tgz#b980910727a767ea3290207b695cc31dd50bb6a4"
  integrity sha512-PWypQR+d4FLfkhBIV+/kHsUELAnMpx1bRvvsn3p+/sAERbnCzFrtDRG2Xw5n+2zPxBK2+iaP+vetsRl4Ti7WgA==

coc.nvim@^0.0.82:
  version "0.0.82"
  resolved "https://registry.yarnpkg.com/coc.nvim/-/coc.nvim-0.0.82.tgz#5230e2eb17e8499a60a97b46d844f2d08c593b29"
  integrity sha512-+70ap6FH8FSdaQ0CPijaasQzg6ue84j4/LkX6ZSpALX7YKBcGGDkCcd6adgaC/86b/ZqT3iTTEbMh3mdaI5qPA==

emmet@^2.3.0:
  version "2.3.4"
  resolved "https://registry.yarnpkg.com/emmet/-/emmet-2.3.4.tgz#5ba0d7a5569a68c7697dfa890c772e4f3179d123"
  integrity sha512-3IqSwmO+N2ZGeuhDyhV/TIOJFUbkChi53bcasSNRE7Yd+4eorbbYz4e53TpMECt38NtYkZNupQCZRlwdAYA42A==
  dependencies:
    "@emmetio/abbreviation" "^2.2.2"
    "@emmetio/css-abbreviation" "^2.1.4"

esbuild@^0.27.0:
  version "0.27.5"
  resolved "https://registry.yarnpkg.com/esbuild/-/esbuild-0.27.5.tgz#600866adc6810e936950e2849d419e270241aac9"
  integrity sha512-zdQoHBjuDqKsvV5OPaWansOwfSQ0Js+Uj9J85TBvj3bFW1JjWTSULMRwdQAc8qMeIScbClxeMK0jlrtB9linhA==
  optionalDependencies:
    "@esbuild/aix-ppc64" "0.27.5"
    "@esbuild/android-arm" "0.27.5"
    "@esbuild/android-arm64" "0.27.5"
    "@esbuild/android-x64" "0.27.5"
    "@esbuild/darwin-arm64" "0.27.5"
    "@esbuild/darwin-x64" "0.27.5"
    "@esbuild/freebsd-arm64" "0.27.5"
    "@esbuild/freebsd-x64" "0.27.5"
    "@esbuild/linux-arm" "0.27.5"
    "@esbuild/linux-arm64" "0.27.5"
    "@esbuild/linux-ia32" "0.27.5"
    "@esbuild/linux-loong64" "0.27.5"
    "@esbuild/linux-mips64el" "0.27.5"
    "@esbuild/linux-ppc64" "0.27.5"
    "@esbuild/linux-riscv64" "0.27.5"
    "@esbuild/linux-s390x" "0.27.5"
    "@esbuild/linux-x64" "0.27.5"
    "@esbuild/netbsd-arm64" "0.27.5"
    "@esbuild/netbsd-x64" "0.27.5"
    "@esbuild/openbsd-arm64" "0.27.5"
    "@esbuild/openbsd-x64" "0.27.5"
    "@esbuild/openharmony-arm64" "0.27.5"
    "@esbuild/sunos-x64" "0.27.5"
    "@esbuild/win32-arm64" "0.27.5"
    "@esbuild/win32-ia32" "0.27.5"
    "@esbuild/win32-x64" "0.27.5"

jsonc-parser@^2.3.0:
  version "2.3.1"
  resolved "https://registry.yarnpkg.com/jsonc-parser/-/jsonc-parser-2.3.1.tgz#59549150b133f2efacca48fe9ce1ec0659af2342"
  integrity sha512-H8jvkz1O50L3dMZCsLqiuB2tA7muqbSg1AtGEkN0leAqGjsUzDJir3Zwr02BhqdcITPg3ei3mZ+HjMocAknhhg==

typescript-styled-plugin@^0.18.0:
  version "0.18.3"
  resolved "https://registry.yarnpkg.com/typescript-styled-plugin/-/typescript-styled-plugin-0.18.3.tgz#786fc6d7e6cd89c1b1f50df5a68c5fb943dd68f6"
  integrity sha512-18ZtfeDRwHgu+Zftla/4cNJKyXyyQayHwjL+dSHZzUq6+akZaGCOejUEFPCN9VX5wMwpZ1eLRN8hJbgttI4tjw==
  dependencies:
    typescript-template-language-service-decorator "^2.3.2"
    vscode-css-languageservice "^5.1.4"
    vscode-emmet-helper "^2.6.4"
    vscode-languageserver-textdocument "^1.0.1"
    vscode-languageserver-types "^3.16.0"

typescript-template-language-service-decorator@^2.3.2:
  version "2.3.2"
  resolved "https://registry.yarnpkg.com/typescript-template-language-service-decorator/-/typescript-template-language-service-decorator-2.3.2.tgz#095c1b5ea88c839d9b202fad3ec8c87c1b062953"
  integrity sha512-hN0zNkr5luPCeXTlXKxsfBPlkAzx86ZRM1vPdL7DbEqqWoeXSxplACy98NpKpLmXsdq7iePUzAXloCAoPKBV6A==

typescript@^4.1.2:
  version "4.9.5"
  resolved "https://registry.yarnpkg.com/typescript/-/typescript-4.9.5.tgz#095979f9bcc0d09da324d58d03ce8f8374cbe65a"
  integrity sha512-1FXk9E2Hm+QzZQ7z+McJiHL4NW1F2EzMu9Nq9i3zAaGqibafqYwCVU6WyWAuyQRRzOlxou8xZSyXLEN8oKj24g==

vscode-css-languageservice@^5.1.4:
  version "5.1.9"
  resolved "https://registry.yarnpkg.com/vscode-css-languageservice/-/vscode-css-languageservice-5.1.9.tgz#9d473e5c61fa6d4d62719d9b8715ff6c644bf14e"
  integrity sha512-/tFOWeZBL3Oc9Zc+2MAi3rEwiXJTSZsvjB+M7nSjWLbGPUIjukUA7YzLgsBoUfR35sPJYnXWUkL56PdfIYM8GA==
  dependencies:
    vscode-languageserver-textdocument "^1.0.1"
    vscode-languageserver-types "^3.16.0"
    vscode-nls "^5.0.0"
    vscode-uri "^3.0.2"

vscode-emmet-helper@^2.6.4:
  version "2.6.4"
  resolved "https://registry.yarnpkg.com/vscode-emmet-helper/-/vscode-emmet-helper-2.6.4.tgz#bea47f17649bba26b412f3d1fac18aaee43eba25"
  integrity sha512-fP0nunW1RUWEKGf4gqiYLOVNFFGXSRHjCl0pikxtwCFlty8WwimM+RBJ5o0aIiwerrYD30HqeaVyvDW027Sseg==
  dependencies:
    emmet "^2.3.0"
    jsonc-parser "^2.3.0"
    vscode-languageserver-textdocument "^1.0.1"
    vscode-languageserver-types "^3.15.1"
    vscode-nls "^5.0.0"
    vscode-uri "^2.1.2"

vscode-languageserver-textdocument@^1.0.1:
  version "1.0.1"
  resolved "https://registry.yarnpkg.com/vscode-languageserver-textdocument/-/vscode-languageserver-textdocument-1.0.1.tgz#178168e87efad6171b372add1dea34f53e5d330f"
  integrity sha512-UIcJDjX7IFkck7cSkNNyzIz5FyvpQfY7sdzVy+wkKN/BLaD4DQ0ppXQrKePomCxTS7RrolK1I0pey0bG9eh8dA==

vscode-languageserver-types@^3.15.1, vscode-languageserver-types@^3.16.0:
  version "3.16.0"
  resolved "https://registry.yarnpkg.com/vscode-languageserver-types/-/vscode-languageserver-types-3.16.0.tgz#ecf393fc121ec6974b2da3efb3155644c514e247"
  integrity sha512-k8luDIWJWyenLc5ToFQQMaSrqCHiLwyKPHKPQZ5zz21vM+vIVUSvsRpcbiECH4WR88K2XZqc4ScRcZ7nk/jbeA==

vscode-nls@^5.0.0:
  version "5.0.0"
  resolved "https://registry.yarnpkg.com/vscode-nls/-/vscode-nls-5.0.0.tgz#99f0da0bd9ea7cda44e565a74c54b1f2bc257840"
  integrity sha512-u0Lw+IYlgbEJFF6/qAqG2d1jQmJl0eyAGJHoAJqr2HT4M2BNuQYSEiSE75f52pXHSJm8AlTjnLLbBFPrdz2hpA==

vscode-uri@^2.1.2:
  version "2.1.2"
  resolved "https://registry.yarnpkg.com/vscode-uri/-/vscode-uri-2.1.2.tgz#c8d40de93eb57af31f3c715dd650e2ca2c096f1c"
  integrity sha512-8TEXQxlldWAuIODdukIb+TR5s+9Ds40eSJrw+1iDDA9IFORPjMELarNQE3myz5XIkWWpdprmJjm1/SxMlWOC8A==

vscode-uri@^3.0.2:
  version "3.0.2"
  resolved "https://registry.yarnpkg.com/vscode-uri/-/vscode-uri-3.0.2.tgz#ecfd1d066cb8ef4c3a208decdbab9a8c23d055d0"
  integrity sha512-jkjy6pjU1fxUvI51P+gCsxg1u2n8LSt0W6KrCNQceaziKzff74GoWmjVG46KieVzybO1sttPQmYfrwSHey7GUA==
